// !$*UTF8*$!
{
	archiveVersion = 1;
	classes = {
	};
	objectVersion = 46;
	objects = {

/* Begin PBXBuildFile section */
		67AF2A86158A7E280062C6A1 /* UIKit.framework in Frameworks */ = {isa = PBXBuildFile; fileRef = 67AF2A85158A7E280062C6A1 /* UIKit.framework */; };
		67AF2A88158A7E280062C6A1 /* Foundation.framework in Frameworks */ = {isa = PBXBuildFile; fileRef = 67AF2A87158A7E280062C6A1 /* Foundation.framework */; };
		67AF2A8A158A7E280062C6A1 /* CoreGraphics.framework in Frameworks */ = {isa = PBXBuildFile; fileRef = 67AF2A89158A7E280062C6A1 /* CoreGraphics.framework */; };
		67AF2A90158A7E280062C6A1 /* InfoPlist.strings in Resources */ = {isa = PBXBuildFile; fileRef = 67AF2A8E158A7E280062C6A1 /* InfoPlist.strings */; };
		67AF2A92158A7E280062C6A1 /* main.m in Sources */ = {isa = PBXBuildFile; fileRef = 67AF2A91158A7E280062C6A1 /* main.m */; };
		67AF2A96158A7E280062C6A1 /* AppDelegate.m in Sources */ = {isa = PBXBuildFile; fileRef = 67AF2A95158A7E280062C6A1 /* AppDelegate.m */; };
		67AF2A9E158A7E280062C6A1 /* SenTestingKit.framework in Frameworks */ = {isa = PBXBuildFile; fileRef = 67AF2A9D158A7E280062C6A1 /* SenTestingKit.framework */; };
		67AF2A9F158A7E280062C6A1 /* UIKit.framework in Frameworks */ = {isa = PBXBuildFile; fileRef = 67AF2A85158A7E280062C6A1 /* UIKit.framework */; };
		67AF2AA0158A7E280062C6A1 /* Foundation.framework in Frameworks */ = {isa = PBXBuildFile; fileRef = 67AF2A87158A7E280062C6A1 /* Foundation.framework */; };
		67AF2AA8158A7E280062C6A1 /* InfoPlist.strings in Resources */ = {isa = PBXBuildFile; fileRef = 67AF2AA6158A7E280062C6A1 /* InfoPlist.strings */; };
		67AF2AAB158A7E280062C6A1 /* Jun14Tests.m in Sources */ = {isa = PBXBuildFile; fileRef = 67AF2AAA158A7E280062C6A1 /* Jun14Tests.m */; };
		67AF2ABA158A7EDE0062C6A1 /* View.m in Sources */ = {isa = PBXBuildFile; fileRef = 67AF2AB9158A7EDE0062C6A1 /* View.m */; };
		67AF2ABD158A89D50062C6A1 /* Miniview.m in Sources */ = {isa = PBXBuildFile; fileRef = 67AF2ABC158A89D50062C6A1 /* Miniview.m */; };
/* End PBXBuildFile section */

/* Begin PBXContainerItemProxy section */
		67AF2AA1158A7E280062C6A1 /* PBXContainerItemProxy */ = {
			isa = PBXContainerItemProxy;
			containerPortal = 67AF2A78158A7E280062C6A1 /* Project object */;
			proxyType = 1;
			remoteGlobalIDString = 67AF2A80158A7E280062C6A1;
			remoteInfo = Jun14;
		};
/* End PBXContainerItemProxy section */

/* Begin PBXFileReference section */
		67AF2A81158A7E280062C6A1 /* Jun14.app */ = {isa = PBXFileReference; explicitFileType = wrapper.application; includeInIndex = 0; path = Jun14.app; sourceTree = BUILT_PRODUCTS_DIR; };
		67AF2A85158A7E280062C6A1 /* UIKit.framework */ = {isa = PBXFileReference; lastKnownFileType = wrapper.framework; name = UIKit.framework; path = System/Library/Frameworks/UIKit.framework; sourceTree = SDKROOT; };
		67AF2A87158A7E280062C6A1 /* Foundation.framework */ = {isa = PBXFileReference; lastKnownFileType = wrapper.framework; name = Foundation.framework; path = System/Library/Frameworks/Foundation.framework; sourceTree = SDKROOT; };
		67AF2A89158A7E280062C6A1 /* CoreGraphics.framework */ = {isa = PBXFileReference; lastKnownFileType = wrapper.framework; name = CoreGraphics.framework; path = System/Library/Frameworks/CoreGraphics.framework; sourceTree = SDKROOT; };
		67AF2A8D158A7E280062C6A1 /* Jun14-Info.plist */ = {isa = PBXFileReference; lastKnownFileType = text.plist.xml; path = "Jun14-Info.plist"; sourceTree = "<group>"; };
		67AF2A8F158A7E280062C6A1 /* en */ = {isa = PBXFileReference; lastKnownFileType = text.plist.strings; name = en; path = en.lproj/InfoPlist.strings; sourceTree = "<group>"; };
		67AF2A91158A7E280062C6A1 /* main.m */ = {isa = PBXFileReference; lastKnownFileType = sourcecode.c.objc; path = main.m; sourceTree = "<group>"; };
		67AF2A93158A7E280062C6A1 /* Jun14-Prefix.pch */ = {isa = PBXFileReference; lastKnownFileType = sourcecode.c.h; path = "Jun14-Prefix.pch"; sourceTree = "<group>"; };
		67AF2A94158A7E280062C6A1 /* AppDelegate.h */ = {isa = PBXFileReference; lastKnownFileType = sourcecode.c.h; path = AppDelegate.h; sourceTree = "<group>"; };
		67AF2A95158A7E280062C6A1 /* AppDelegate.m */ = {isa = PBXFileReference; lastKnownFileType = sourcecode.c.objc; path = AppDelegate.m; sourceTree = "<group>"; };
		67AF2A9C158A7E280062C6A1 /* Jun14Tests.octest */ = {isa = PBXFileReference; explicitFileType = wrapper.cfbundle; includeInIndex = 0; path = Jun14Tests.octest; sourceTree = BUILT_PRODUCTS_DIR; };
		67AF2A9D158A7E280062C6A1 /* SenTestingKit.framework */ = {isa = PBXFileReference; lastKnownFileType = wrapper.framework; name = SenTestingKit.framework; path = Library/Frameworks/SenTestingKit.framework; sourceTree = DEVELOPER_DIR; };
		67AF2AA5158A7E280062C6A1 /* Jun14Tests-Info.plist */ = {isa = PBXFileReference; lastKnownFileType = text.plist.xml; path = "Jun14Tests-Info.plist"; sourceTree = "<group>"; };
		67AF2AA7158A7E280062C6A1 /* en */ = {isa = PBXFileReference; lastKnownFileType = text.plist.strings; name = en; path = en.lproj/InfoPlist.strings; sourceTree = "<group>"; };
		67AF2AA9158A7E280062C6A1 /* Jun14Tests.h */ = {isa = PBXFileReference; lastKnownFileType = sourcecode.c.h; path = Jun14Tests.h; sourceTree = "<group>"; };
		67AF2AAA158A7E280062C6A1 /* Jun14Tests.m */ = {isa = PBXFileReference; lastKnownFileType = sourcecode.c.objc; path = Jun14Tests.m; sourceTree = "<group>"; };
		67AF2AB8158A7EDE0062C6A1 /* View.h */ = {isa = PBXFileReference; fileEncoding = 4; lastKnownFileType = sourcecode.c.h; path = View.h; sourceTree = "<group>"; };
		67AF2AB9158A7EDE0062C6A1 /* View.m */ = {isa = PBXFileReference; fileEncoding = 4; lastKnownFileType = sourcecode.c.objc; path = View.m; sourceTree = "<group>"; };
		67AF2ABB158A89D50062C6A1 /* Miniview.h */ = {isa = PBXFileReference; fileEncoding = 4; lastKnownFileType = sourcecode.c.h; path = Miniview.h; sourceTree = "<group>"; };
		67AF2ABC158A89D50062C6A1 /* Miniview.m */ = {isa = PBXFileReference; fileEncoding = 4; lastKnownFileType = sourcecode.c.objc; path = Miniview.m; sourceTree = "<group>"; };
/* End PBXFileReference section */

/* Begin PBXFrameworksBuildPhase section */
		67AF2A7E158A7E280062C6A1 /* Frameworks */ = {
			isa = PBXFrameworksBuildPhase;
			buildActionMask = 2147483647;
			files = (
				67AF2A86158A7E280062C6A1 /* UIKit.framework in Frameworks */,
				67AF2A88158A7E280062C6A1 /* Foundation.framework in Frameworks */,
				67AF2A8A158A7E280062C6A1 /* CoreGraphics.framework in Frameworks */,
			);
			runOnlyForDeploymentPostprocessing = 0;
		};
		67AF2A98158A7E280062C6A1 /* Frameworks */ = {
			isa = PBXFrameworksBuildPhase;
			buildActionMask = 2147483647;
			files = (
				67AF2A9E158A7E280062C6A1 /* SenTestingKit.framework in Frameworks */,
				67AF2A9F158A7E280062C6A1 /* UIKit.framework in Frameworks */,
				67AF2AA0158A7E280062C6A1 /* Foundation.framework in Frameworks */,
			);
			runOnlyForDeploymentPostprocessing = 0;
		};
/* End PBXFrameworksBuildPhase section */

/* Begin PBXGroup section */
		67AF2A76158A7E280062C6A1 = {
			isa = PBXGroup;
			children = (
				67AF2A8B158A7E280062C6A1 /* Jun14 */,
				67AF2AA3158A7E280062C6A1 /* Jun14Tests */,
				67AF2A84158A7E280062C6A1 /* Frameworks */,
				67AF2A82158A7E280062C6A1 /* Products */,
			);
			sourceTree = "<group>";
		};
		67AF2A82158A7E280062C6A1 /* Products */ = {
			isa = PBXGroup;
			children = (
				67AF2A81158A7E280062C6A1 /* Jun14.app */,
				67AF2A9C158A7E280062C6A1 /* Jun14Tests.octest */,
			);
			name = Products;
			sourceTree = "<group>";
		};
		67AF2A84158A7E280062C6A1 /* Frameworks */ = {
			isa = PBXGroup;
			children = (
				67AF2A85158A7E280062C6A1 /* UIKit.framework */,
				67AF2A87158A7E280062C6A1 /* Foundation.framework */,
				67AF2A89158A7E280062C6A1 /* CoreGraphics.framework */,
				67AF2A9D158A7E280062C6A1 /* SenTestingKit.framework */,
			);
			name = Frameworks;
			sourceTree = "<group>";
		};
		67AF2A8B158A7E280062C6A1 /* Jun14 */ = {
			isa = PBXGroup;
			children = (
				67AF2A94158A7E280062C6A1 /* AppDelegate.h */,
				67AF2A95158A7E280062C6A1 /* AppDelegate.m */,
				67AF2ABB158A89D50062C6A1 /* Miniview.h */,
				67AF2ABC158A89D50062C6A1 /* Miniview.m */,
				67AF2AB8158A7EDE0062C6A1 /* View.h */,
				67AF2AB9158A7EDE0062C6A1 /* View.m */,
				67AF2A8C158A7E280062C6A1 /* Supporting Files */,
			);
			path = Jun14;
			sourceTree = "<group>";
		};
		67AF2A8C158A7E280062C6A1 /* Supporting Files */ = {
			isa = PBXGroup;
			children = (
				67AF2A8D158A7E280062C6A1 /* Jun14-Info.plist */,
				67AF2A8E158A7E280062C6A1 /* InfoPlist.strings */,
				67AF2A91158A7E280062C6A1 /* main.m */,
				67AF2A93158A7E280062C6A1 /* Jun14-Prefix.pch */,
			);
			name = "Supporting Files";
			sourceTree = "<group>";
		};
		67AF2AA3158A7E280062C6A1 /* Jun14Tests */ = {
			isa = PBXGroup;
			children = (
				67AF2AA9158A7E280062C6A1 /* Jun14Tests.h */,
				67AF2AAA158A7E280062C6A1 /* Jun14Tests.m */,
				67AF2AA4158A7E280062C6A1 /* Supporting Files */,
			);
			path = Jun14Tests;
			sourceTree = "<group>";
		};
		67AF2AA4158A7E280062C6A1 /* Supporting Files */ = {
			isa = PBXGroup;
			children = (
				67AF2AA5158A7E280062C6A1 /* Jun14Tests-Info.plist */,
				67AF2AA6158A7E280062C6A1 /* InfoPlist.strings */,
			);
			name = "Supporting Files";
			sourceTree = "<group>";
		};
/* End PBXGroup section */

/* Begin PBXNativeTarget section */
		67AF2A80158A7E280062C6A1 /* Jun14 */ = {
			isa = PBXNativeTarget;
			buildConfigurationList = 67AF2AAE158A7E280062C6A1 /* Build configuration list for PBXNativeTarget "Jun14" */;
			buildPhases = (
				67AF2A7D158A7E280062C6A1 /* Sources */,
				67AF2A7E158A7E280062C6A1 /* Frameworks */,
				67AF2A7F158A7E280062C6A1 /* Resources */,
			);
			buildRules = (
			);
			dependencies = (
			);
			name = Jun14;
			productName = Jun14;
			productReference = 67AF2A81158A7E280062C6A1 /* Jun14.app */;
			productType = "com.apple.product-type.application";
		};
		67AF2A9B158A7E280062C6A1 /* Jun14Tests */ = {
			isa = PBXNativeTarget;
			buildConfigurationList = 67AF2AB1158A7E280062C6A1 /* Build configuration list for PBXNativeTarget "Jun14Tests" */;
			buildPhases = (
				67AF2A97158A7E280062C6A1 /* Sources */,
				67AF2A98158A7E280062C6A1 /* Frameworks */,
				67AF2A99158A7E280062C6A1 /* Resources */,
				67AF2A9A158A7E280062C6A1 /* ShellScript */,
			);
			buildRules = (
			);
			dependencies = (
				67AF2AA2158A7E280062C6A1 /* PBXTargetDependency */,
			);
			name = Jun14Tests;
			productName = Jun14Tests;
			productReference = 67AF2A9C158A7E280062C6A1 /* Jun14Tests.octest */;
			productType = "com.apple.product-type.bundle";
		};
/* End PBXNativeTarget section */

/* Begin PBXProject section */
		67AF2A78158A7E280062C6A1 /* Project object */ = {
			isa = PBXProject;
			attributes = {
				LastUpgradeCheck = 0430;
				ORGANIZATIONNAME = Concentric;
			};
			buildConfigurationList = 67AF2A7B158A7E280062C6A1 /* Build configuration list for PBXProject "Jun14" */;
			compatibilityVersion = "Xcode 3.2";
			developmentRegion = English;
			hasScannedForEncodings = 0;
			knownRegions = (
				en,
			);
			mainGroup = 67AF2A76158A7E280062C6A1;
			productRefGroup = 67AF2A82158A7E280062C6A1 /* Products */;
			projectDirPath = "";
			projectRoot = "";
			targets = (
				67AF2A80158A7E280062C6A1 /* Jun14 */,
				67AF2A9B158A7E280062C6A1 /* Jun14Tests */,
			);
		};
/* End PBXProject section */

/* Begin PBXResourcesBuildPhase section */
		67AF2A7F158A7E280062C6A1 /* Resources */ = {
			isa = PBXResourcesBuildPhase;
			buildActionMask = 2147483647;
			files = (
				67AF2A90158A7E280062C6A1 /* InfoPlist.strings in Resources */,
			);
			runOnlyForDeploymentPostprocessing = 0;
		};
		67AF2A99158A7E280062C6A1 /* Resources */ = {
			isa = PBXResourcesBuildPhase;
			buildActionMask = 2147483647;
			files = (
				67AF2AA8158A7E280062C6A1 /* InfoPlist.strings in Resources */,
			);
			runOnlyForDeploymentPostprocessing = 0;
		};
/* End PBXResourcesBuildPhase section */

/* Begin PBXShellScriptBuildPhase section */
		67AF2A9A158A7E280062C6A1 /* ShellScript */ = {
			isa = PBXShellScriptBuildPhase;
			buildActionMask = 2147483647;
			files = (
			);
			inputPaths = (
			);
			outputPaths = (
			);
			runOnlyForDeploymentPostprocessing = 0;
			shellPath = /bin/sh;
			shellScript = "# Run the unit tests in this test bundle.\n\"${SYSTEM_DEVELOPER_DIR}/Tools/RunUnitTests\"\n";
		};
/* End PBXShellScriptBuildPhase section */

/* Begin PBXSourcesBuildPhase section */
		67AF2A7D158A7E280062C6A1 /* Sources */ = {
			isa = PBXSourcesBuildPhase;
			buildActionMask = 2147483647;
			files = (
				67AF2A92158A7E280062C6A1 /* main.m in Sources */,
				67AF2A96158A7E280062C6A1 /* AppDelegate.m in Sources */,
				67AF2ABA158A7EDE0062C6A1 /* View.m in Sources */,
				67AF2ABD158A89D50062C6A1 /* Miniview.m in Sources */,
			);
			runOnlyForDeploymentPostprocessing = 0;
		};
		67AF2A97158A7E280062C6A1 /* Sources */ = {
			isa = PBXSourcesBuildPhase;
			buildActionMask = 2147483647;
			files = (
				67AF2AAB158A7E280062C6A1 /* Jun14Tests.m in Sources */,
			);
			runOnlyForDeploymentPostprocessing = 0;
		};
/* End PBXSourcesBuildPhase section */

/* Begin PBXTargetDependency section */
		67AF2AA2158A7E280062C6A1 /* PBXTargetDependency */ = {
			isa = PBXTargetDependency;
			target = 67AF2A80158A7E280062C6A1 /* Jun14 */;
			targetProxy = 67AF2AA1158A7E280062C6A1 /* PBXContainerItemProxy */;
		};
/* End PBXTargetDependency section */

/* Begin PBXVariantGroup section */
		67AF2A8E158A7E280062C6A1 /* InfoPlist.strings */ = {
			isa = PBXVariantGroup;
			children = (
				67AF2A8F158A7E280062C6A1 /* en */,
			);
			name = InfoPlist.strings;
			sourceTree = "<group>";
		};
		67AF2AA6158A7E280062C6A1 /* InfoPlist.strings */ = {
			isa = PBXVariantGroup;
			children = (
				67AF2AA7158A7E280062C6A1 /* en */,
			);
			name = InfoPlist.strings;
			sourceTree = "<group>";
		};
/* End PBXVariantGroup section */

/* Begin XCBuildConfiguration section */
		67AF2AAC158A7E280062C6A1 /* Debug */ = {
			isa = XCBuildConfiguration;
			buildSettings = {
				ALWAYS_SEARCH_USER_PATHS = NO;
				ARCHS = "$(ARCHS_STANDARD_32_BIT)";
				CLANG_ENABLE_OBJC_ARC = YES;
				"CODE_SIGN_IDENTITY[sdk=iphoneos*]" = "iPhone Developer";
				COPY_PHASE_STRIP = NO;
				GCC_C_LANGUAGE_STANDARD = gnu99;
				GCC_DYNAMIC_NO_PIC = NO;
				GCC_OPTIMIZATION_LEVEL = 0;
				GCC_PREPROCESSOR_DEFINITIONS = (
					"DEBUG=1",
					"$(inherited)",
				);
				GCC_SYMBOLS_PRIVATE_EXTERN = NO;
				GCC_VERSION = com.apple.compilers.llvm.clang.1_0;
				GCC_WARN_ABOUT_RETURN_TYPE = YES;
				GCC_WARN_UNINITIALIZED_AUTOS = YES;
				GCC_WARN_UNUSED_VARIABLE = YES;
				IPHONEOS_DEPLOYMENT_TARGET = 5.1;
				SDKROOT = iphoneos;
				TARGETED_DEVICE_FAMILY = "1,2";
			};
			name = Debug;
		};
		67AF2AAD158A7E280062C6A1 /* Release */ = {
			isa = XCBuildConfiguration;
			buildSettings = {
				ALWAYS_SEARCH_USER_PATHS = NO;
				ARCHS = "$(ARCHS_STANDARD_32_BIT)";
				CLANG_ENABLE_OBJC_ARC = YES;
				"CODE_SIGN_IDENTITY[sdk=iphoneos*]" = "iPhone Developer";
				COPY_PHASE_STRIP = YES;
				GCC_C_LANGUAGE_STANDARD = gnu99;
				GCC_VERSION = com.apple.compilers.llvm.clang.1_0;
				GCC_WARN_ABOUT_RETURN_TYPE = YES;
				GCC_WARN_UNINITIALIZED_AUTOS = YES;
				GCC_WARN_UNUSED_VARIABLE = YES;
				IPHONEOS_DEPLOYMENT_TARGET = 5.1;
				OTHER_CFLAGS = "-DNS_BLOCK_ASSERTIONS=1";
				SDKROOT = iphoneos;
				TARGETED_DEVICE_FAMILY = "1,2";
				VALIDATE_PRODUCT = YES;
			};
			name = Release;
		};
		67AF2AAF158A7E280062C6A1 /* Debug */ = {
			isa = XCBuildConfiguration;
			buildSettings = {
				GCC_PRECOMPILE_PREFIX_HEADER = YES;
				GCC_PREFIX_HEADER = "Jun14/Jun14-Prefix.pch";
				INFOPLIST_FILE = "Jun14/Jun14-Info.plist";
				PRODUCT_NAME = "$(TARGET_NAME)";
				WRAPPER_EXTENSION = app;
			};
			name = Debug;
		};
		67AF2AB0158A7E280062C6A1 /* Release */ = {
			isa = XCBuildConfiguration;
			buildSettings = {
				GCC_PRECOMPILE_PREFIX_HEADER = YES;
				GCC_PREFIX_HEADER = "Jun14/Jun14-Prefix.pch";
				INFOPLIST_FILE = "Jun14/Jun14-Info.plist";
				PRODUCT_NAME = "$(TARGET_NAME)";
				WRAPPER_EXTENSION = app;
			};
			name = Release;
		};
		67AF2AB2158A7E280062C6A1 /* Debug */ = {
			isa = XCBuildConfiguration;
			buildSettings = {
				BUNDLE_LOADER = "$(BUILT_PRODUCTS_DIR)/Jun14.app/Jun14";
				FRAMEWORK_SEARCH_PATHS = (
					"$(SDKROOT)/Developer/Library/Frameworks",
					"$(DEVELOPER_LIBRARY_DIR)/Frameworks",
				);
				GCC_PRECOMPILE_PREFIX_HEADER = YES;
				GCC_PREFIX_HEADER = "Jun14/Jun14-Prefix.pch";
				INFOPLIST_FILE = "Jun14Tests/Jun14Tests-Info.plist";
				PRODUCT_NAME = "$(TARGET_NAME)";
				TEST_HOST = "$(BUNDLE_LOADER)";
				WRAPPER_EXTENSION = octest;
			};
			name = Debug;
		};
		67AF2AB3158A7E280062C6A1 /* Release */ = {
			isa = XCBuildConfiguration;
			buildSettings = {
				BUNDLE_LOADER = "$(BUILT_PRODUCTS_DIR)/Jun14.app/Jun14";
				FRAMEWORK_SEARCH_PATHS = (
					"$(SDKROOT)/Developer/Library/Frameworks",
					"$(DEVELOPER_LIBRARY_DIR)/Frameworks",
				);
				GCC_PRECOMPILE_PREFIX_HEADER = YES;
				GCC_PREFIX_HEADER = "Jun14/Jun14-Prefix.pch";
				INFOPLIST_FILE = "Jun14Tests/Jun14Tests-Info.plist";
				PRODUCT_NAME = "$(TARGET_NAME)";
				TEST_HOST = "$(BUNDLE_LOADER)";
				WRAPPER_EXTENSION = octest;
			};
			name = Release;
		};
/* End XCBuildConfiguration section */

/* Begin XCConfigurationList section */
		67AF2A7B158A7E280062C6A1 /* Build configuration list for PBXProject "Jun14" */ = {
			isa = XCConfigurationList;
			buildConfigurations = (
				67AF2AAC158A7E280062C6A1 /* Debug */,
				67AF2AAD158A7E280062C6A1 /* Release */,
			);
			defaultConfigurationIsVisible = 0;
			defaultConfigurationName = Release;
		};
		67AF2AAE158A7E280062C6A1 /* Build configuration list for PBXNativeTarget "Jun14" */ = {
			isa = XCConfigurationList;
			buildConfigurations = (
				67AF2AAF158A7E280062C6A1 /* Debug */,
				67AF2AB0158A7E280062C6A1 /* Release */,
			);
			defaultConfigurationIsVisible = 0;
		};
		67AF2AB1158A7E280062C6A1 /* Build configuration list for PBXNativeTarget "Jun14Tests" */ = {
			isa = XCConfigurationList;
			buildConfigurations = (
				67AF2AB2158A7E280062C6A1 /* Debug */,
				67AF2AB3158A7E280062C6A1 /* Release */,
			);
			defaultConfigurationIsVisible = 0;
		};
/* End XCConfigurationList section */
	};
	rootObject = 67AF2A78158A7E280062C6A1 /* Project object */;
}
